// !$*UTF8*$!
{
	archiveVersion = 1;
	classes = {
	};
	objectVersion = 77;
	objects = {

/* Begin PBXContainerItemProxy section */
		9EE4A0A02DDCDDBA004BD597 /* PBXContainerItemProxy */ = {
			isa = PBXContainerItemProxy;
			containerPortal = 9EE4A0872DDCDDB9004BD597 /* Project object */;
			proxyType = 1;
			remoteGlobalIDString = 9EE4A08E2DDCDDB9004BD597;
			remoteInfo = "Swift Chat";
		};
		9EE4A0AA2DDCDDBA004BD597 /* PBXContainerItemProxy */ = {
			isa = PBXContainerItemProxy;
			containerPortal = 9EE4A0872DDCDDB9004BD597 /* Project object */;
			proxyType = 1;
			remoteGlobalIDString = 9EE4A08E2DDCDDB9004BD597;
			remoteInfo = "Swift Chat";
		};
/* End PBXContainerItemProxy section */

/* Begin PBXFileReference section */
		9EE4A08F2DDCDDB9004BD597 /* Swift Chat.app */ = {isa = PBXFileReference; explicitFileType = wrapper.application; includeInIndex = 0; path = "Swift Chat.app"; sourceTree = BUILT_PRODUCTS_DIR; };
		9EE4A09F2DDCDDBA004BD597 /* Swift ChatTests.xctest */ = {isa = PBXFileReference; explicitFileType = wrapper.cfbundle; includeInIndex = 0; path = "Swift ChatTests.xctest"; sourceTree = BUILT_PRODUCTS_DIR; };
		9EE4A0A92DDCDDBA004BD597 /* Swift ChatUITests.xctest */ = {isa = PBXFileReference; explicitFileType = wrapper.cfbundle; includeInIndex = 0; path = "Swift ChatUITests.xctest"; sourceTree = BUILT_PRODUCTS_DIR; };
/* End PBXFileReference section */

/* Begin PBXFileSystemSynchronizedRootGroup section */
		9EE4A0912DDCDDB9004BD597 /* Swift Chat */ = {
			isa = PBXFileSystemSynchronizedRootGroup;
			path = "Swift Chat";
			sourceTree = "<group>";
		};
		9EE4A0A22DDCDDBA004BD597 /* Swift ChatTests */ = {
			isa = PBXFileSystemSynchronizedRootGroup;
			path = "Swift ChatTests";
			sourceTree = "<group>";
		};
		9EE4A0AC2DDCDDBA004BD597 /* Swift ChatUITests */ = {
			isa = PBXFileSystemSynchronizedRootGroup;
			path = "Swift ChatUITests";
			sourceTree = "<group>";
		};
/* End PBXFileSystemSynchronizedRootGroup section */

/* Begin PBXFrameworksBuildPhase section */
		9EE4A08C2DDCDDB9004BD597 /* Frameworks */ = {
			isa = PBXFrameworksBuildPhase;
			buildActionMask = 2147483647;
			files = (
			);
			runOnlyForDeploymentPostprocessing = 0;
		};
		9EE4A09C2DDCDDBA004BD597 /* Frameworks */ = {
			isa = PBXFrameworksBuildPhase;
			buildActionMask = 2147483647;
			files = (
			);
			runOnlyForDeploymentPostprocessing = 0;
		};
		9EE4A0A62DDCDDBA004BD597 /* Frameworks */ = {
			isa = PBXFrameworksBuildPhase;
			buildActionMask = 2147483647;
			files = (
			);
			runOnlyForDeploymentPostprocessing = 0;
		};
/* End PBXFrameworksBuildPhase section */

/* Begin PBXGroup section */
		9EE4A0862DDCDDB9004BD597 = {
			isa = PBXGroup;
			children = (
				9EE4A0912DDCDDB9004BD597 /* Swift Chat */,
				9EE4A0A22DDCDDBA004BD597 /* Swift ChatTests */,
				9EE4A0AC2DDCDDBA004BD597 /* Swift ChatUITests */,
				9EE4A0902DDCDDB9004BD597 /* Products */,
			);
			sourceTree = "<group>";
		};
		9EE4A0902DDCDDB9004BD597 /* Products */ = {
			isa = PBXGroup;
			children = (
				9EE4A08F2DDCDDB9004BD597 /* Swift Chat.app */,
				9EE4A09F2DDCDDBA004BD597 /* Swift ChatTests.xctest */,
				9EE4A0A92DDCDDBA004BD597 /* Swift ChatUITests.xctest */,
			);
			name = Products;
			sourceTree = "<group>";
		};
/* End PBXGroup section */

/* Begin PBXNativeTarget section */
		9EE4A08E2DDCDDB9004BD597 /* Swift Chat */ = {
			isa = PBXNativeTarget;
			buildConfigurationList = 9EE4A0B32DDCDDBA004BD597 /* Build configuration list for PBXNativeTarget "Swift Chat" */;
			buildPhases = (
				9EE4A08B2DDCDDB9004BD597 /* Sources */,
				9EE4A08C2DDCDDB9004BD597 /* Frameworks */,
				9EE4A08D2DDCDDB9004BD597 /* Resources */,
			);
			buildRules = (
			);
			dependencies = (
			);
			fileSystemSynchronizedGroups = (
				9EE4A0912DDCDDB9004BD597 /* Swift Chat */,
			);
			name = "Swift Chat";
			packageProductDependencies = (
			);
			productName = "Swift Chat";
			productReference = 9EE4A08F2DDCDDB9004BD597 /* Swift Chat.app */;
			productType = "com.apple.product-type.application";
		};
		9EE4A09E2DDCDDBA004BD597 /* Swift ChatTests */ = {
			isa = PBXNativeTarget;
			buildConfigurationList = 9EE4A0B62DDCDDBA004BD597 /* Build configuration list for PBXNativeTarget "Swift ChatTests" */;
			buildPhases = (
				9EE4A09B2DDCDDBA004BD597 /* Sources */,
				9EE4A09C2DDCDDBA004BD597 /* Frameworks */,
				9EE4A09D2DDCDDBA004BD597 /* Resources */,
			);
			buildRules = (
			);
			dependencies = (
				9EE4A0A12DDCDDBA004BD597 /* PBXTargetDependency */,
			);
			fileSystemSynchronizedGroups = (
				9EE4A0A22DDCDDBA004BD597 /* Swift ChatTests */,
			);
			name = "Swift ChatTests";
			packageProductDependencies = (
			);
			productName = "Swift ChatTests";
			productReference = 9EE4A09F2DDCDDBA004BD597 /* Swift ChatTests.xctest */;
			productType = "com.apple.product-type.bundle.unit-test";
		};
		9EE4A0A82DDCDDBA004BD597 /* Swift ChatUITests */ = {
			isa = PBXNativeTarget;
			buildConfigurationList = 9EE4A0B92DDCDDBA004BD597 /* Build configuration list for PBXNativeTarget "Swift ChatUITests" */;
			buildPhases = (
				9EE4A0A52DDCDDBA004BD597 /* Sources */,
				9EE4A0A62DDCDDBA004BD597 /* Frameworks */,
				9EE4A0A72DDCDDBA004BD597 /* Resources */,
			);
			buildRules = (
			);
			dependencies = (
				9EE4A0AB2DDCDDBA004BD597 /* PBXTargetDependency */,
			);
			fileSystemSynchronizedGroups = (
				9EE4A0AC2DDCDDBA004BD597 /* Swift ChatUITests */,
			);
			name = "Swift ChatUITests";
			packageProductDependencies = (
			);
			productName = "Swift ChatUITests";
			productReference = 9EE4A0A92DDCDDBA004BD597 /* Swift ChatUITests.xctest */;
			productType = "com.apple.product-type.bundle.ui-testing";
		};
/* End PBXNativeTarget section */

/* Begin PBXProject section */
		9EE4A0872DDCDDB9004BD597 /* Project object */ = {
			isa = PBXProject;
			attributes = {
				BuildIndependentTargetsInParallel = 1;
				LastSwiftUpdateCheck = 1620;
				LastUpgradeCheck = 1620;
				TargetAttributes = {
					9EE4A08E2DDCDDB9004BD597 = {
						CreatedOnToolsVersion = 16.2;
					};
					9EE4A09E2DDCDDBA004BD597 = {
						CreatedOnToolsVersion = 16.2;
						TestTargetID = 9EE4A08E2DDCDDB9004BD597;
					};
					9EE4A0A82DDCDDBA004BD597 = {
						CreatedOnToolsVersion = 16.2;
						TestTargetID = 9EE4A08E2DDCDDB9004BD597;
					};
				};
			};
			buildConfigurationList = 9EE4A08A2DDCDDB9004BD597 /* Build configuration list for PBXProject "Swift Chat" */;
			developmentRegion = en;
			hasScannedForEncodings = 0;
			knownRegions = (
				en,
				Base,
			);
			mainGroup = 9EE4A0862DDCDDB9004BD597;
			minimizedProjectReferenceProxies = 1;
			preferredProjectObjectVersion = 77;
			productRefGroup = 9EE4A0902DDCDDB9004BD597 /* Products */;
			projectDirPath = "";
			projectRoot = "";
			targets = (
				9EE4A08E2DDCDDB9004BD597 /* Swift Chat */,
				9EE4A09E2DDCDDBA004BD597 /* Swift ChatTests */,
				9EE4A0A82DDCDDBA004BD597 /* Swift ChatUITests */,
			);
		};
/* End PBXProject section */

/* Begin PBXResourcesBuildPhase section */
		9EE4A08D2DDCDDB9004BD597 /* Resources */ = {
			isa = PBXResourcesBuildPhase;
			buildActionMask = 2147483647;
			files = (
			);
			runOnlyForDeploymentPostprocessing = 0;
		};
		9EE4A09D2DDCDDBA004BD597 /* Resources */ = {
			isa = PBXResourcesBuildPhase;
			buildActionMask = 2147483647;
			files = (
			);
			runOnlyForDeploymentPostprocessing = 0;
		};
		9EE4A0A72DDCDDBA004BD597 /* Resources */ = {
			isa = PBXResourcesBuildPhase;
			buildActionMask = 2147483647;
			files = (
			);
			runOnlyForDeploymentPostprocessing = 0;
		};
/* End PBXResourcesBuildPhase section */

/* Begin PBXSourcesBuildPhase section */
		9EE4A08B2DDCDDB9004BD597 /* Sources */ = {
			isa = PBXSourcesBuildPhase;
			buildActionMask = 2147483647;
			files = (
			);
			runOnlyForDeploymentPostprocessing = 0;
		};
		9EE4A09B2DDCDDBA004BD597 /* Sources */ = {
			isa = PBXSourcesBuildPhase;
			buildActionMask = 2147483647;
			files = (
			);
			runOnlyForDeploymentPostprocessing = 0;
		};
		9EE4A0A52DDCDDBA004BD597 /* Sources */ = {
			isa = PBXSourcesBuildPhase;
			buildActionMask = 2147483647;
			files = (
			);
			runOnlyForDeploymentPostprocessing = 0;
		};
/* End PBXSourcesBuildPhase section */

/* Begin PBXTargetDependency section */
		9EE4A0A12DDCDDBA004BD597 /* PBXTargetDependency */ = {
			isa = PBXTargetDependency;
			target = 9EE4A08E2DDCDDB9004BD597 /* Swift Chat */;
			targetProxy = 9EE4A0A02DDCDDBA004BD597 /* PBXContainerItemProxy */;
		};
		9EE4A0AB2DDCDDBA004BD597 /* PBXTargetDependency */ = {
			isa = PBXTargetDependency;
			target = 9EE4A08E2DDCDDB9004BD597 /* Swift Chat */;
			targetProxy = 9EE4A0AA2DDCDDBA004BD597 /* PBXContainerItemProxy */;
		};
/* End PBXTargetDependency section */

/* Begin XCBuildConfiguration section */
		9EE4A0B12DDCDDBA004BD597 /* Debug */ = {
			isa = XCBuildConfiguration;
			buildSettings = {
				ALWAYS_SEARCH_USER_PATHS = NO;
				ASSETCATALOG_COMPILER_GENERATE_SWIFT_ASSET_SYMBOL_EXTENSIONS = YES;
				CLANG_ANALYZER_NONNULL = YES;
				CLANG_ANALYZER_NUMBER_OBJECT_CONVERSION = YES_AGGRESSIVE;
				CLANG_CXX_LANGUAGE_STANDARD = "gnu++20";
				CLANG_ENABLE_MODULES = YES;
				CLANG_ENABLE_OBJC_ARC = YES;
				CLANG_ENABLE_OBJC_WEAK = YES;
				CLANG_WARN_BLOCK_CAPTURE_AUTORELEASING = YES;
				CLANG_WARN_BOOL_CONVERSION = YES;
				CLANG_WARN_COMMA = YES;
				CLANG_WARN_CONSTANT_CONVERSION = YES;
				CLANG_WARN_DEPRECATED_OBJC_IMPLEMENTATIONS = YES;
				CLANG_WARN_DIRECT_OBJC_ISA_USAGE = YES_ERROR;
				CLANG_WARN_DOCUMENTATION_COMMENTS = YES;
				CLANG_WARN_EMPTY_BODY = YES;
				CLANG_WARN_ENUM_CONVERSION = YES;
				CLANG_WARN_INFINITE_RECURSION = YES;
				CLANG_WARN_INT_CONVERSION = YES;
				CLANG_WARN_NON_LITERAL_NULL_CONVERSION = YES;
				CLANG_WARN_OBJC_IMPLICIT_RETAIN_SELF = YES;
				CLANG_WARN_OBJC_LITERAL_CONVERSION = YES;
				CLANG_WARN_OBJC_ROOT_CLASS = YES_ERROR;
				CLANG_WARN_QUOTED_INCLUDE_IN_FRAMEWORK_HEADER = YES;
				CLANG_WARN_RANGE_LOOP_ANALYSIS = YES;
				CLANG_WARN_STRICT_PROTOTYPES = YES;
				CLANG_WARN_SUSPICIOUS_MOVE = YES;
				CLANG_WARN_UNGUARDED_AVAILABILITY = YES_AGGRESSIVE;
				CLANG_WARN_UNREACHABLE_CODE = YES;
				CLANG_WARN__DUPLICATE_METHOD_MATCH = YES;
				COPY_PHASE_STRIP = NO;
				DEBUG_INFORMATION_FORMAT = dwarf;
				ENABLE_STRICT_OBJC_MSGSEND = YES;
				ENABLE_TESTABILITY = YES;
				ENABLE_USER_SCRIPT_SANDBOXING = YES;
				GCC_C_LANGUAGE_STANDARD = gnu17;
				GCC_DYNAMIC_NO_PIC = NO;
				GCC_NO_COMMON_BLOCKS = YES;
				GCC_OPTIMIZATION_LEVEL = 0;
				GCC_PREPROCESSOR_DEFINITIONS = (
					"DEBUG=1",
					"$(inherited)",
				);
				GCC_WARN_64_TO_32_BIT_CONVERSION = YES;
				GCC_WARN_ABOUT_RETURN_TYPE = YES_ERROR;
				GCC_WARN_UNDECLARED_SELECTOR = YES;
				GCC_WARN_UNINITIALIZED_AUTOS = YES_AGGRESSIVE;
				GCC_WARN_UNUSED_FUNCTION = YES;
				GCC_WARN_UNUSED_VARIABLE = YES;
				IPHONEOS_DEPLOYMENT_TARGET = 18.2;
				LOCALIZATION_PREFERS_STRING_CATALOGS = YES;
				MTL_ENABLE_DEBUG_INFO = INCLUDE_SOURCE;
				MTL_FAST_MATH = YES;
				ONLY_ACTIVE_ARCH = YES;
				SDKROOT = iphoneos;
				SWIFT_ACTIVE_COMPILATION_CONDITIONS = "DEBUG $(inherited)";
				SWIFT_OPTIMIZATION_LEVEL = "-Onone";
			};
			name = Debug;
		};
		9EE4A0B22DDCDDBA004BD597 /* Release */ = {
			isa = XCBuildConfiguration;
			buildSettings = {
				ALWAYS_SEARCH_USER_PATHS = NO;
				ASSETCATALOG_COMPILER_GENERATE_SWIFT_ASSET_SYMBOL_EXTENSIONS = YES;
				CLANG_ANALYZER_NONNULL = YES;
				CLANG_ANALYZER_NUMBER_OBJECT_CONVERSION = YES_AGGRESSIVE;
				CLANG_CXX_LANGUAGE_STANDARD = "gnu++20";
				CLANG_ENABLE_MODULES = YES;
				CLANG_ENABLE_OBJC_ARC = YES;
				CLANG_ENABLE_OBJC_WEAK = YES;
				CLANG_WARN_BLOCK_CAPTURE_AUTORELEASING = YES;
				CLANG_WARN_BOOL_CONVERSION = YES;
				CLANG_WARN_COMMA = YES;
				CLANG_WARN_CONSTANT_CONVERSION = YES;
				CLANG_WARN_DEPRECATED_OBJC_IMPLEMENTATIONS = YES;
				CLANG_WARN_DIRECT_OBJC_ISA_USAGE = YES_ERROR;
				CLANG_WARN_DOCUMENTATION_COMMENTS = YES;
				CLANG_WARN_EMPTY_BODY = YES;
				CLANG_WARN_ENUM_CONVERSION = YES;
				CLANG_WARN_INFINITE_RECURSION = YES;
				CLANG_WARN_INT_CONVERSION = YES;
				CLANG_WARN_NON_LITERAL_NULL_CONVERSION = YES;
				CLANG_WARN_OBJC_IMPLICIT_RETAIN_SELF = YES;
				CLANG_WARN_OBJC_LITERAL_CONVERSION = YES;
				CLANG_WARN_OBJC_ROOT_CLASS = YES_ERROR;
				CLANG_WARN_QUOTED_INCLUDE_IN_FRAMEWORK_HEADER = YES;
				CLANG_WARN_RANGE_LOOP_ANALYSIS = YES;
				CLANG_WARN_STRICT_PROTOTYPES = YES;
				CLANG_WARN_SUSPICIOUS_MOVE = YES;
				CLANG_WARN_UNGUARDED_AVAILABILITY = YES_AGGRESSIVE;
				CLANG_WARN_UNREACHABLE_CODE = YES;
				CLANG_WARN__DUPLICATE_METHOD_MATCH = YES;
				COPY_PHASE_STRIP = NO;
				DEBUG_INFORMATION_FORMAT = "dwarf-with-dsym";
				ENABLE_NS_ASSERTIONS = NO;
				ENABLE_STRICT_OBJC_MSGSEND = YES;
				ENABLE_USER_SCRIPT_SANDBOXING = YES;
				GCC_C_LANGUAGE_STANDARD = gnu17;
				GCC_NO_COMMON_BLOCKS = YES;
				GCC_WARN_64_TO_32_BIT_CONVERSION = YES;
				GCC_WARN_ABOUT_RETURN_TYPE = YES_ERROR;
				GCC_WARN_UNDECLARED_SELECTOR = YES;
				GCC_WARN_UNINITIALIZED_AUTOS = YES_AGGRESSIVE;
				GCC_WARN_UNUSED_FUNCTION = YES;
				GCC_WARN_UNUSED_VARIABLE = YES;
				IPHONEOS_DEPLOYMENT_TARGET = 18.2;
				LOCALIZATION_PREFERS_STRING_CATALOGS = YES;
				MTL_ENABLE_DEBUG_INFO = NO;
				MTL_FAST_MATH = YES;
				SDKROOT = iphoneos;
				SWIFT_COMPILATION_MODE = wholemodule;
				VALIDATE_PRODUCT = YES;
			};
			name = Release;
		};
		9EE4A0B42DDCDDBA004BD597 /* Debug */ = {
			isa = XCBuildConfiguration;
			buildSettings = {
				ASSETCATALOG_COMPILER_APPICON_NAME = AppIcon;
				ASSETCATALOG_COMPILER_GLOBAL_ACCENT_COLOR_NAME = AccentColor;
				CODE_SIGN_STYLE = Automatic;
				CURRENT_PROJECT_VERSION = 1;
				DEVELOPMENT_ASSET_PATHS = "\"Swift Chat/Preview Content\"";
				DEVELOPMENT_TEAM = 5V273URY46;
				ENABLE_PREVIEWS = YES;
				GENERATE_INFOPLIST_FILE = YES;
				INFOPLIST_KEY_UIApplicationSceneManifest_Generation = YES;
				INFOPLIST_KEY_UIApplicationSupportsIndirectInputEvents = YES;
				INFOPLIST_KEY_UILaunchScreen_Generation = YES;
				INFOPLIST_KEY_UISupportedInterfaceOrientations_iPad = "UIInterfaceOrientationPortrait UIInterfaceOrientationPortraitUpsideDown UIInterfaceOrientationLandscapeLeft UIInterfaceOrientationLandscapeRight";
				INFOPLIST_KEY_UISupportedInterfaceOrientations_iPhone = "UIInterfaceOrientationPortrait UIInterfaceOrientationLandscapeLeft UIInterfaceOrientationLandscapeRight";
				LD_RUNPATH_SEARCH_PATHS = (
					"$(inherited)",
					"@executable_path/Frameworks",
				);
				MARKETING_VERSION = 1.0;
				PRODUCT_BUNDLE_IDENTIFIER = "com.beebop.peerTopeer.Swift-Chat";
				PRODUCT_NAME = "$(TARGET_NAME)";
				SWIFT_EMIT_LOC_STRINGS = YES;
				SWIFT_VERSION = 5.0;
				TARGETED_DEVICE_FAMILY = "1,2";
			};
			name = Debug;
		};
		9EE4A0B52DDCDDBA004BD597 /* Release */ = {
			isa = XCBuildConfiguration;
			buildSettings = {
				ASSETCATALOG_COMPILER_APPICON_NAME = AppIcon;
				ASSETCATALOG_COMPILER_GLOBAL_ACCENT_COLOR_NAME = AccentColor;
				CODE_SIGN_STYLE = Automatic;
				CURRENT_PROJECT_VERSION = 1;
				DEVELOPMENT_ASSET_PATHS = "\"Swift Chat/Preview Content\"";
				DEVELOPMENT_TEAM = 5V273URY46;
				ENABLE_PREVIEWS = YES;
				GENERATE_INFOPLIST_FILE = YES;
				INFOPLIST_KEY_UIApplicationSceneManifest_Generation = YES;
				INFOPLIST_KEY_UIApplicationSupportsIndirectInputEvents = YES;
				INFOPLIST_KEY_UILaunchScreen_Generation = YES;
				INFOPLIST_KEY_UISupportedInterfaceOrientations_iPad = "UIInterfaceOrientationPortrait UIInterfaceOrientationPortraitUpsideDown UIInterfaceOrientationLandscapeLeft UIInterfaceOrientationLandscapeRight";
				INFOPLIST_KEY_UISupportedInterfaceOrientations_iPhone = "UIInterfaceOrientationPortrait UIInterfaceOrientationLandscapeLeft UIInterfaceOrientationLandscapeRight";
				LD_RUNPATH_SEARCH_PATHS = (
					"$(inherited)",
					"@executable_path/Frameworks",
				);
				MARKETING_VERSION = 1.0;
				PRODUCT_BUNDLE_IDENTIFIER = "com.beebop.peerTopeer.Swift-Chat";
				PRODUCT_NAME = "$(TARGET_NAME)";
				SWIFT_EMIT_LOC_STRINGS = YES;
				SWIFT_VERSION = 5.0;
				TARGETED_DEVICE_FAMILY = "1,2";
			};
			name = Release;
		};
		9EE4A0B72DDCDDBA004BD597 /* Debug */ = {
			isa = XCBuildConfiguration;
			buildSettings = {
				BUNDLE_LOADER = "$(TEST_HOST)";
				CODE_SIGN_STYLE = Automatic;
				CURRENT_PROJECT_VERSION = 1;
				DEVELOPMENT_TEAM = 5V273URY46;
				GENERATE_INFOPLIST_FILE = YES;
				IPHONEOS_DEPLOYMENT_TARGET = 18.2;
				MARKETING_VERSION = 1.0;
				PRODUCT_BUNDLE_IDENTIFIER = "com.beebop.peerTopeer.Swift-ChatTests";
				PRODUCT_NAME = "$(TARGET_NAME)";
				SWIFT_EMIT_LOC_STRINGS = NO;
				SWIFT_VERSION = 5.0;
				TARGETED_DEVICE_FAMILY = "1,2";
				TEST_HOST = "$(BUILT_PRODUCTS_DIR)/Swift Chat.app/$(BUNDLE_EXECUTABLE_FOLDER_PATH)/Swift Chat";
			};
			name = Debug;
		};
		9EE4A0B82DDCDDBA004BD597 /* Release */ = {
			isa = XCBuildConfiguration;
			buildSettings = {
				BUNDLE_LOADER = "$(TEST_HOST)";
				CODE_SIGN_STYLE = Automatic;
				CURRENT_PROJECT_VERSION = 1;
				DEVELOPMENT_TEAM = 5V273URY46;
				GENERATE_INFOPLIST_FILE = YES;
				IPHONEOS_DEPLOYMENT_TARGET = 18.2;
				MARKETING_VERSION = 1.0;
				PRODUCT_BUNDLE_IDENTIFIER = "com.beebop.peerTopeer.Swift-ChatTests";
				PRODUCT_NAME = "$(TARGET_NAME)";
				SWIFT_EMIT_LOC_STRINGS = NO;
				SWIFT_VERSION = 5.0;
				TARGETED_DEVICE_FAMILY = "1,2";
				TEST_HOST = "$(BUILT_PRODUCTS_DIR)/Swift Chat.app/$(BUNDLE_EXECUTABLE_FOLDER_PATH)/Swift Chat";
			};
			name = Release;
		};
		9EE4A0BA2DDCDDBA004BD597 /* Debug */ = {
			isa = XCBuildConfiguration;
			buildSettings = {
				CODE_SIGN_STYLE = Automatic;
				CURRENT_PROJECT_VERSION = 1;
				DEVELOPMENT_TEAM = 5V273URY46;
				GENERATE_INFOPLIST_FILE = YES;
				MARKETING_VERSION = 1.0;
				PRODUCT_BUNDLE_IDENTIFIER = "com.beebop.peerTopeer.Swift-ChatUITests";
				PRODUCT_NAME = "$(TARGET_NAME)";
				SWIFT_EMIT_LOC_STRINGS = NO;
				SWIFT_VERSION = 5.0;
				TARGETED_DEVICE_FAMILY = "1,2";
				TEST_TARGET_NAME = "Swift Chat";
			};
			name = Debug;
		};
		9EE4A0BB2DDCDDBA004BD597 /* Release */ = {
			isa = XCBuildConfiguration;
			buildSettings = {
				CODE_SIGN_STYLE = Automatic;
				CURRENT_PROJECT_VERSION = 1;
				DEVELOPMENT_TEAM = 5V273URY46;
				GENERATE_INFOPLIST_FILE = YES;
				MARKETING_VERSION = 1.0;
				PRODUCT_BUNDLE_IDENTIFIER = "com.beebop.peerTopeer.Swift-ChatUITests";
				PRODUCT_NAME = "$(TARGET_NAME)";
				SWIFT_EMIT_LOC_STRINGS = NO;
				SWIFT_VERSION = 5.0;
				TARGETED_DEVICE_FAMILY = "1,2";
				TEST_TARGET_NAME = "Swift Chat";
			};
			name = Release;
		};
/* End XCBuildConfiguration section */

/* Begin XCConfigurationList section */
		9EE4A08A2DDCDDB9004BD597 /* Build configuration list for PBXProject "Swift Chat" */ = {
			isa = XCConfigurationList;
			buildConfigurations = (
				9EE4A0B12DDCDDBA004BD597 /* Debug */,
				9EE4A0B22DDCDDBA004BD597 /* Release */,
			);
			defaultConfigurationIsVisible = 0;
			defaultConfigurationName = Release;
		};
		9EE4A0B32DDCDDBA004BD597 /* Build configuration list for PBXNativeTarget "Swift Chat" */ = {
			isa = XCConfigurationList;
			buildConfigurations = (
				9EE4A0B42DDCDDBA004BD597 /* Debug */,
				9EE4A0B52DDCDDBA004BD597 /* Release */,
			);
			defaultConfigurationIsVisible = 0;
			defaultConfigurationName = Release;
		};
		9EE4A0B62DDCDDBA004BD597 /* Build configuration list for PBXNativeTarget "Swift ChatTests" */ = {
			isa = XCConfigurationList;
			buildConfigurations = (
				9EE4A0B72DDCDDBA004BD597 /* Debug */,
				9EE4A0B82DDCDDBA004BD597 /* Release */,
			);
			defaultConfigurationIsVisible = 0;
			defaultConfigurationName = Release;
		};
		9EE4A0B92DDCDDBA004BD597 /* Build configuration list for PBXNativeTarget "Swift ChatUITests" */ = {
			isa = XCConfigurationList;
			buildConfigurations = (
				9EE4A0BA2DDCDDBA004BD597 /* Debug */,
				9EE4A0BB2DDCDDBA004BD597 /* Release */,
			);
			defaultConfigurationIsVisible = 0;
			defaultConfigurationName = Release;
		};
/* End XCConfigurationList section */
	};
	rootObject = 9EE4A0872DDCDDB9004BD597 /* Project object */;
}
